// !$*UTF8*$!
{
	archiveVersion = 1;
	classes = {
	};
	objectVersion = 77;
	objects = {

/* Begin PBXBuildFile section */
		0649D61944A64AA83330CD98 /* GradesViewModel.swift in Sources */ = {isa = PBXBuildFile; fileRef = 7E64BDEDB03B011A1346FFBB /* GradesViewModel.swift */; };
		0C107189E96A17307C2BB74C /* MeViewModel.swift in Sources */ = {isa = PBXBuildFile; fileRef = 87287C193BE3984FF601EA90 /* MeViewModel.swift */; };
		0C16F246D4A042DEFC18A625 /* FreeBlockEngineTests.swift in Sources */ = {isa = PBXBuildFile; fileRef = 746954D16064124E120AC8C2 /* FreeBlockEngineTests.swift */; };
		0F5FFEA3F9A30B10A0C3214C /* AspenKeychainStore.swift in Sources */ = {isa = PBXBuildFile; fileRef = 94596E184192E55668C2C2E0 /* AspenKeychainStore.swift */; };
		105CE65231EE97E121586CD2 /* GoogleConfig.swift in Sources */ = {isa = PBXBuildFile; fileRef = D9E9B9343D177395F984079A /* GoogleConfig.swift */; };
		11197C0458E2D6DB599DF0AD /* EventKit.framework in Frameworks */ = {isa = PBXBuildFile; fileRef = 00676B6B8CFDC1CEDFDB0868 /* EventKit.framework */; };
		132AC0161A330714EFBE0CF3 /* ClassroomTokenStore.swift in Sources */ = {isa = PBXBuildFile; fileRef = F8D71A7A51F2DFA15C806056 /* ClassroomTokenStore.swift */; };
		1F0863B2C8873528D38A864E /* AskView.swift in Sources */ = {isa = PBXBuildFile; fileRef = 5F8A9B15CBD00F0B41BD5FC7 /* AskView.swift */; };
		29788781D744C8DE61917970 /* FreeBlockEngine.swift in Sources */ = {isa = PBXBuildFile; fileRef = 29644A60BCA02609A4C72931 /* FreeBlockEngine.swift */; };
		29BEB839C7562FD4A64B46AE /* AuthenticationServices.framework in Frameworks */ = {isa = PBXBuildFile; fileRef = 4B5D2B417B179BF4BB4FF2E0 /* AuthenticationServices.framework */; };
		3C13E51D05EFC15516632A5F /* AddWorkSheet.swift in Sources */ = {isa = PBXBuildFile; fileRef = 5794819B906BCBC73CBE0300 /* AddWorkSheet.swift */; };
		3DFCDEA539FC898467660668 /* GoogleService.plist.template in Resources */ = {isa = PBXBuildFile; fileRef = 05F6EAA3C87DB675BB084CCF /* GoogleService.plist.template */; };
		42495D44820AAE6A0D4B1452 /* CalendarProvider.swift in Sources */ = {isa = PBXBuildFile; fileRef = 21C5629BF47468EC0F3DAC63 /* CalendarProvider.swift */; };
		43745497B0C9551ECC857291 /* WorkViewModel.swift in Sources */ = {isa = PBXBuildFile; fileRef = 8252ED1241C77EEDFAC16DD0 /* WorkViewModel.swift */; };
		44C38F29DF1852B46E83C824 /* GradesView.swift in Sources */ = {isa = PBXBuildFile; fileRef = 8EC7FBBD6F4C99F495C9FEA1 /* GradesView.swift */; };
		4C3DDD2E973C19F737217B4D /* AppTabView.swift in Sources */ = {isa = PBXBuildFile; fileRef = C2E9135B0A06BE9C961EC293 /* AppTabView.swift */; };
		4C9D1BF04E3D474F0113D41F /* ClassroomAuthProvider.swift in Sources */ = {isa = PBXBuildFile; fileRef = E9838595AC451103212B3A65 /* ClassroomAuthProvider.swift */; };
		529C5B75CBF7887BFB18EE18 /* AspenSession.swift in Sources */ = {isa = PBXBuildFile; fileRef = 705FECDDA14139E7E1E49FEC /* AspenSession.swift */; };
		5874C80D1A48FB6479D16406 /* CourseColors.swift in Sources */ = {isa = PBXBuildFile; fileRef = 8F9C8DB91E95535A88C69AFB /* CourseColors.swift */; };
		58A657C92231DA3606667C89 /* AskEngine.swift in Sources */ = {isa = PBXBuildFile; fileRef = C60D0F3815F27620A5410252 /* AskEngine.swift */; };
		67EEDCDE06C1E941EC931E4B /* ClassroomConnectView.swift in Sources */ = {isa = PBXBuildFile; fileRef = 5D2E3223C9E33DD666337A3E /* ClassroomConnectView.swift */; };
		6F5DF84E1075500DFC9D4C63 /* OnboardingView.swift in Sources */ = {isa = PBXBuildFile; fileRef = ED5034D41B1A29988B383836 /* OnboardingView.swift */; };
		747BD3FCB390FB4BA54E9B1E /* OnboardingViewModel.swift in Sources */ = {isa = PBXBuildFile; fileRef = 1BE07ED2DDE8EADF8981DB87 /* OnboardingViewModel.swift */; };
		7B3F5B09DD7A72F503C417A4 /* NotificationScheduler.swift in Sources */ = {isa = PBXBuildFile; fileRef = 014E3E235B9AD42A19E99AF0 /* NotificationScheduler.swift */; };
		7F956E3A6359AA3E15B11124 /* WidgetKit.framework in Frameworks */ = {isa = PBXBuildFile; fileRef = 85EEDB1B2EB261762B523989 /* WidgetKit.framework */; };
		84AB935BFB61BC1A5444CAAD /* GradeProvider.swift in Sources */ = {isa = PBXBuildFile; fileRef = BC6FF7144B646B6425C50266 /* GradeProvider.swift */; };
		898893B3BFA842900963A44B /* WorkView.swift in Sources */ = {isa = PBXBuildFile; fileRef = 8690E7CC0C86FF72458D7970 /* WorkView.swift */; };
		8C4CF993EAADAEBABE558D08 /* Course.swift in Sources */ = {isa = PBXBuildFile; fileRef = 082B0F2984F06F3EA81342FB /* Course.swift */; };
		8CB75121FF77A0622CB6D234 /* Assets.xcassets in Resources */ = {isa = PBXBuildFile; fileRef = B0B9006105D3F30FFC84F942 /* Assets.xcassets */; };
		9330C5D9EEF29236A3ECE5D2 /* SchoolView.swift in Sources */ = {isa = PBXBuildFile; fileRef = C84B22BA2407D4B94CF4A372 /* SchoolView.swift */; };
		955154FAB7DE7BAD2D0381B7 /* MockStudentSchedule.swift in Sources */ = {isa = PBXBuildFile; fileRef = 0472F9BEEFCE9F7B3193DF04 /* MockStudentSchedule.swift */; };
		9588CE636846284750C9F8F7 /* SharedWidgetData.swift in Sources */ = {isa = PBXBuildFile; fileRef = 4948D4E04B1C0B4A9BC09876 /* SharedWidgetData.swift */; };
		976FC86B140E1B2EAE463164 /* WidgetDataWriter.swift in Sources */ = {isa = PBXBuildFile; fileRef = 90AC704263DD3BE6D7F5645E /* WidgetDataWriter.swift */; };
		9BC0C92C736AE71A7AF38D25 /* AspenGradeProvider.swift in Sources */ = {isa = PBXBuildFile; fileRef = 8A0686CEDCEDE9FD608DEDD4 /* AspenGradeProvider.swift */; };
		9E69D4FED0C1F7F2F93B2057 /* ScheduleSource.swift in Sources */ = {isa = PBXBuildFile; fileRef = 44A06E280EC187019BA20EA0 /* ScheduleSource.swift */; };
		9EBD3E89D6B612CFFF896CD0 /* AspenConnectView.swift in Sources */ = {isa = PBXBuildFile; fileRef = CFF820B70E999456EAAB09E1 /* AspenConnectView.swift */; };
		A384DFC70BAA4FF6DEA5D29B /* SchoolViewModel.swift in Sources */ = {isa = PBXBuildFile; fileRef = 3317C9B5B7A1BEC64B46DCCE /* SchoolViewModel.swift */; };
		AA8046499561DE5EE6C196C2 /* CalendarSync.swift in Sources */ = {isa = PBXBuildFile; fileRef = 77E1FE0631B3FA442E3690A0 /* CalendarSync.swift */; };
		AB94549BBB8C2253CDBFF607 /* ScheduleEngine.swift in Sources */ = {isa = PBXBuildFile; fileRef = 8E19CAE60666F970F955B4A1 /* ScheduleEngine.swift */; };
		AC63A842B5E5C0D0379FCE2F /* PlannerEngine.swift in Sources */ = {isa = PBXBuildFile; fileRef = D649CEF3E7F5634BF7E07213 /* PlannerEngine.swift */; };
		B0A0B42D754EBF320E8FF240 /* MeView.swift in Sources */ = {isa = PBXBuildFile; fileRef = 1FC9F7A09125CEF80E9F18BB /* MeView.swift */; };
		B102FB17869F2619E89A4ADD /* TodayView.swift in Sources */ = {isa = PBXBuildFile; fileRef = 042D1AF2FDC49ABC4AD63751 /* TodayView.swift */; };
		BD0E1690EF83798AF0443560 /* AssignmentProvider.swift in Sources */ = {isa = PBXBuildFile; fileRef = 02420D1692C3DB3E250BE06D /* AssignmentProvider.swift */; };
		C2798722D36FB9818B9D8214 /* Schedule.swift in Sources */ = {isa = PBXBuildFile; fileRef = 2C4CF781576E4406EDB65098 /* Schedule.swift */; };
		CBC7AB16F4A05B82F7D040DD /* AppState.swift in Sources */ = {isa = PBXBuildFile; fileRef = 148948228230ECAE8F1975A1 /* AppState.swift */; };
		CEEC364D322968E85E35E175 /* Grade.swift in Sources */ = {isa = PBXBuildFile; fileRef = 376D5ED89041D34407435312 /* Grade.swift */; };
		D3C6256F6D8F6EA9B0A1E057 /* GradeEngine.swift in Sources */ = {isa = PBXBuildFile; fileRef = FB67714A66208BC72979A067 /* GradeEngine.swift */; };
		E19386044B843BDC7DB954AC /* AspenHTMLParser.swift in Sources */ = {isa = PBXBuildFile; fileRef = 9304427A21AD9C1DDF969F77 /* AspenHTMLParser.swift */; };
		E24702891E489B9B94BB4F40 /* ICSGenerator.swift in Sources */ = {isa = PBXBuildFile; fileRef = DAB0081380D99E9C0753DB11 /* ICSGenerator.swift */; };
		E37467B0847BBE10625D10D3 /* AskSuggestions.swift in Sources */ = {isa = PBXBuildFile; fileRef = AD44793D0603E367BB200DDE /* AskSuggestions.swift */; };
		E3C43485D39049C4882DFD09 /* AskViewModel.swift in Sources */ = {isa = PBXBuildFile; fileRef = C7BEF50436D5F32EFAF72CC8 /* AskViewModel.swift */; };
		E8BD4BEAA174A2B439D6ABD1 /* ScheduleEngineTests.swift in Sources */ = {isa = PBXBuildFile; fileRef = BC92DEF7630E99F7C773BEA1 /* ScheduleEngineTests.swift */; };
		EDE5B6C0BF2EF0D322C8807E /* UserNotifications.framework in Frameworks */ = {isa = PBXBuildFile; fileRef = C3B101238DA687695F4ACB61 /* UserNotifications.framework */; };
		EE9BB765D2CD826C2363289A /* TheQuadApp.swift in Sources */ = {isa = PBXBuildFile; fileRef = E76D76D4A5746555819DF0C7 /* TheQuadApp.swift */; };
		EF602F6B8165B7934354D729 /* User.swift in Sources */ = {isa = PBXBuildFile; fileRef = AEB6BB17334E5C75BFBBD316 /* User.swift */; };
		F132F251801C926C876A62B6 /* Assignment.swift in Sources */ = {isa = PBXBuildFile; fileRef = 6F584D1D0287CCB69ACC5160 /* Assignment.swift */; };
		F9D627C5507966D6DE4E2AFB /* LHSFixtures_2025_26.swift in Sources */ = {isa = PBXBuildFile; fileRef = CCB3C7CBB06B86CF29C26BB1 /* LHSFixtures_2025_26.swift */; };
		FAF611F5850BA355494E3319 /* TodayViewModel.swift in Sources */ = {isa = PBXBuildFile; fileRef = 1708E4B1A99297B61E4D9195 /* TodayViewModel.swift */; };
		FB684AAEC07DA2F269920A08 /* DesignTokens.swift in Sources */ = {isa = PBXBuildFile; fileRef = 5E4D71A1AE4D911C6F2DD769 /* DesignTokens.swift */; };
		FFCBE28AE92C3F7569377788 /* ClassroomAssignmentProvider.swift in Sources */ = {isa = PBXBuildFile; fileRef = AB7DF960FEFF7BC558AA0E7F /* ClassroomAssignmentProvider.swift */; };
/* End PBXBuildFile section */

/* Begin PBXContainerItemProxy section */
		46DBAF66718B73C4264D5B55 /* PBXContainerItemProxy */ = {
			isa = PBXContainerItemProxy;
			containerPortal = 58F582AAA9BA642C86FDB8D9 /* Project object */;
			proxyType = 1;
			remoteGlobalIDString = 6EC8E7530A5CEAC3332E29D0;
			remoteInfo = TheQuad;
		};
/* End PBXContainerItemProxy section */

/* Begin PBXFileReference section */
		00676B6B8CFDC1CEDFDB0868 /* EventKit.framework */ = {isa = PBXFileReference; lastKnownFileType = wrapper.framework; name = EventKit.framework; path = System/Library/Frameworks/EventKit.framework; sourceTree = SDKROOT; };
		014E3E235B9AD42A19E99AF0 /* NotificationScheduler.swift */ = {isa = PBXFileReference; lastKnownFileType = sourcecode.swift; path = NotificationScheduler.swift; sourceTree = "<group>"; };
		02420D1692C3DB3E250BE06D /* AssignmentProvider.swift */ = {isa = PBXFileReference; lastKnownFileType = sourcecode.swift; path = AssignmentProvider.swift; sourceTree = "<group>"; };
		042D1AF2FDC49ABC4AD63751 /* TodayView.swift */ = {isa = PBXFileReference; lastKnownFileType = sourcecode.swift; path = TodayView.swift; sourceTree = "<group>"; };
		0472F9BEEFCE9F7B3193DF04 /* MockStudentSchedule.swift */ = {isa = PBXFileReference; lastKnownFileType = sourcecode.swift; path = MockStudentSchedule.swift; sourceTree = "<group>"; };
		05F6EAA3C87DB675BB084CCF /* GoogleService.plist.template */ = {isa = PBXFileReference; path = GoogleService.plist.template; sourceTree = "<group>"; };
		082B0F2984F06F3EA81342FB /* Course.swift */ = {isa = PBXFileReference; lastKnownFileType = sourcecode.swift; path = Course.swift; sourceTree = "<group>"; };
		148948228230ECAE8F1975A1 /* AppState.swift */ = {isa = PBXFileReference; lastKnownFileType = sourcecode.swift; path = AppState.swift; sourceTree = "<group>"; };
		14D40F9B643CC27120E02638 /* Info.plist */ = {isa = PBXFileReference; lastKnownFileType = text.plist; path = Info.plist; sourceTree = "<group>"; };
		1708E4B1A99297B61E4D9195 /* TodayViewModel.swift */ = {isa = PBXFileReference; lastKnownFileType = sourcecode.swift; path = TodayViewModel.swift; sourceTree = "<group>"; };
		1BE07ED2DDE8EADF8981DB87 /* OnboardingViewModel.swift */ = {isa = PBXFileReference; lastKnownFileType = sourcecode.swift; path = OnboardingViewModel.swift; sourceTree = "<group>"; };
		1D9F8EEE6A23AC7A92662938 /* TheQuad.app */ = {isa = PBXFileReference; includeInIndex = 0; lastKnownFileType = wrapper.application; path = TheQuad.app; sourceTree = BUILT_PRODUCTS_DIR; };
		1FC9F7A09125CEF80E9F18BB /* MeView.swift */ = {isa = PBXFileReference; lastKnownFileType = sourcecode.swift; path = MeView.swift; sourceTree = "<group>"; };
		21C5629BF47468EC0F3DAC63 /* CalendarProvider.swift */ = {isa = PBXFileReference; lastKnownFileType = sourcecode.swift; path = CalendarProvider.swift; sourceTree = "<group>"; };
		29644A60BCA02609A4C72931 /* FreeBlockEngine.swift */ = {isa = PBXFileReference; lastKnownFileType = sourcecode.swift; path = FreeBlockEngine.swift; sourceTree = "<group>"; };
		2C4CF781576E4406EDB65098 /* Schedule.swift */ = {isa = PBXFileReference; lastKnownFileType = sourcecode.swift; path = Schedule.swift; sourceTree = "<group>"; };
		3317C9B5B7A1BEC64B46DCCE /* SchoolViewModel.swift */ = {isa = PBXFileReference; lastKnownFileType = sourcecode.swift; path = SchoolViewModel.swift; sourceTree = "<group>"; };
		376D5ED89041D34407435312 /* Grade.swift */ = {isa = PBXFileReference; lastKnownFileType = sourcecode.swift; path = Grade.swift; sourceTree = "<group>"; };
		44A06E280EC187019BA20EA0 /* ScheduleSource.swift */ = {isa = PBXFileReference; lastKnownFileType = sourcecode.swift; path = ScheduleSource.swift; sourceTree = "<group>"; };
		4948D4E04B1C0B4A9BC09876 /* SharedWidgetData.swift */ = {isa = PBXFileReference; lastKnownFileType = sourcecode.swift; path = SharedWidgetData.swift; sourceTree = "<group>"; };
		4B5D2B417B179BF4BB4FF2E0 /* AuthenticationServices.framework */ = {isa = PBXFileReference; lastKnownFileType = wrapper.framework; name = AuthenticationServices.framework; path = System/Library/Frameworks/AuthenticationServices.framework; sourceTree = SDKROOT; };
		5794819B906BCBC73CBE0300 /* AddWorkSheet.swift */ = {isa = PBXFileReference; lastKnownFileType = sourcecode.swift; path = AddWorkSheet.swift; sourceTree = "<group>"; };
		5D2E3223C9E33DD666337A3E /* ClassroomConnectView.swift */ = {isa = PBXFileReference; lastKnownFileType = sourcecode.swift; path = ClassroomConnectView.swift; sourceTree = "<group>"; };
		5E4D71A1AE4D911C6F2DD769 /* DesignTokens.swift */ = {isa = PBXFileReference; lastKnownFileType = sourcecode.swift; path = DesignTokens.swift; sourceTree = "<group>"; };
		5F8A9B15CBD00F0B41BD5FC7 /* AskView.swift */ = {isa = PBXFileReference; lastKnownFileType = sourcecode.swift; path = AskView.swift; sourceTree = "<group>"; };
		6F584D1D0287CCB69ACC5160 /* Assignment.swift */ = {isa = PBXFileReference; lastKnownFileType = sourcecode.swift; path = Assignment.swift; sourceTree = "<group>"; };
		705FECDDA14139E7E1E49FEC /* AspenSession.swift */ = {isa = PBXFileReference; lastKnownFileType = sourcecode.swift; path = AspenSession.swift; sourceTree = "<group>"; };
		746954D16064124E120AC8C2 /* FreeBlockEngineTests.swift */ = {isa = PBXFileReference; lastKnownFileType = sourcecode.swift; path = FreeBlockEngineTests.swift; sourceTree = "<group>"; };
		77E1FE0631B3FA442E3690A0 /* CalendarSync.swift */ = {isa = PBXFileReference; lastKnownFileType = sourcecode.swift; path = CalendarSync.swift; sourceTree = "<group>"; };
		7E64BDEDB03B011A1346FFBB /* GradesViewModel.swift */ = {isa = PBXFileReference; lastKnownFileType = sourcecode.swift; path = GradesViewModel.swift; sourceTree = "<group>"; };
		8252ED1241C77EEDFAC16DD0 /* WorkViewModel.swift */ = {isa = PBXFileReference; lastKnownFileType = sourcecode.swift; path = WorkViewModel.swift; sourceTree = "<group>"; };
		85EEDB1B2EB261762B523989 /* WidgetKit.framework */ = {isa = PBXFileReference; lastKnownFileType = wrapper.framework; name = WidgetKit.framework; path = System/Library/Frameworks/WidgetKit.framework; sourceTree = SDKROOT; };
		8690E7CC0C86FF72458D7970 /* WorkView.swift */ = {isa = PBXFileReference; lastKnownFileType = sourcecode.swift; path = WorkView.swift; sourceTree = "<group>"; };
		87287C193BE3984FF601EA90 /* MeViewModel.swift */ = {isa = PBXFileReference; lastKnownFileType = sourcecode.swift; path = MeViewModel.swift; sourceTree = "<group>"; };
		8A0686CEDCEDE9FD608DEDD4 /* AspenGradeProvider.swift */ = {isa = PBXFileReference; lastKnownFileType = sourcecode.swift; path = AspenGradeProvider.swift; sourceTree = "<group>"; };
		8E19CAE60666F970F955B4A1 /* ScheduleEngine.swift */ = {isa = PBXFileReference; lastKnownFileType = sourcecode.swift; path = ScheduleEngine.swift; sourceTree = "<group>"; };
		8EC7FBBD6F4C99F495C9FEA1 /* GradesView.swift */ = {isa = PBXFileReference; lastKnownFileType = sourcecode.swift; path = GradesView.swift; sourceTree = "<group>"; };
		8F9C8DB91E95535A88C69AFB /* CourseColors.swift */ = {isa = PBXFileReference; lastKnownFileType = sourcecode.swift; path = CourseColors.swift; sourceTree = "<group>"; };
		90AC704263DD3BE6D7F5645E /* WidgetDataWriter.swift */ = {isa = PBXFileReference; lastKnownFileType = sourcecode.swift; path = WidgetDataWriter.swift; sourceTree = "<group>"; };
		9304427A21AD9C1DDF969F77 /* AspenHTMLParser.swift */ = {isa = PBXFileReference; lastKnownFileType = sourcecode.swift; path = AspenHTMLParser.swift; sourceTree = "<group>"; };
		94596E184192E55668C2C2E0 /* AspenKeychainStore.swift */ = {isa = PBXFileReference; lastKnownFileType = sourcecode.swift; path = AspenKeychainStore.swift; sourceTree = "<group>"; };
		955B019DCA276976AC3CD405 /* TheQuadTests.xctest */ = {isa = PBXFileReference; includeInIndex = 0; lastKnownFileType = wrapper.cfbundle; path = TheQuadTests.xctest; sourceTree = BUILT_PRODUCTS_DIR; };
		AB7DF960FEFF7BC558AA0E7F /* ClassroomAssignmentProvider.swift */ = {isa = PBXFileReference; lastKnownFileType = sourcecode.swift; path = ClassroomAssignmentProvider.swift; sourceTree = "<group>"; };
		AD44793D0603E367BB200DDE /* AskSuggestions.swift */ = {isa = PBXFileReference; lastKnownFileType = sourcecode.swift; path = AskSuggestions.swift; sourceTree = "<group>"; };
		AEB6BB17334E5C75BFBBD316 /* User.swift */ = {isa = PBXFileReference; lastKnownFileType = sourcecode.swift; path = User.swift; sourceTree = "<group>"; };
		B0B9006105D3F30FFC84F942 /* Assets.xcassets */ = {isa = PBXFileReference; lastKnownFileType = folder.assetcatalog; path = Assets.xcassets; sourceTree = "<group>"; };
		BC6FF7144B646B6425C50266 /* GradeProvider.swift */ = {isa = PBXFileReference; lastKnownFileType = sourcecode.swift; path = GradeProvider.swift; sourceTree = "<group>"; };
		BC92DEF7630E99F7C773BEA1 /* ScheduleEngineTests.swift */ = {isa = PBXFileReference; lastKnownFileType = sourcecode.swift; path = ScheduleEngineTests.swift; sourceTree = "<group>"; };
		C2E9135B0A06BE9C961EC293 /* AppTabView.swift */ = {isa = PBXFileReference; lastKnownFileType = sourcecode.swift; path = AppTabView.swift; sourceTree = "<group>"; };
		C3B101238DA687695F4ACB61 /* UserNotifications.framework */ = {isa = PBXFileReference; lastKnownFileType = wrapper.framework; name = UserNotifications.framework; path = System/Library/Frameworks/UserNotifications.framework; sourceTree = SDKROOT; };
		C60D0F3815F27620A5410252 /* AskEngine.swift */ = {isa = PBXFileReference; lastKnownFileType = sourcecode.swift; path = AskEngine.swift; sourceTree = "<group>"; };
		C7BEF50436D5F32EFAF72CC8 /* AskViewModel.swift */ = {isa = PBXFileReference; lastKnownFileType = sourcecode.swift; path = AskViewModel.swift; sourceTree = "<group>"; };
		C84B22BA2407D4B94CF4A372 /* SchoolView.swift */ = {isa = PBXFileReference; lastKnownFileType = sourcecode.swift; path = SchoolView.swift; sourceTree = "<group>"; };
		CCB3C7CBB06B86CF29C26BB1 /* LHSFixtures_2025_26.swift */ = {isa = PBXFileReference; lastKnownFileType = sourcecode.swift; path = LHSFixtures_2025_26.swift; sourceTree = "<group>"; };
		CFF820B70E999456EAAB09E1 /* AspenConnectView.swift */ = {isa = PBXFileReference; lastKnownFileType = sourcecode.swift; path = AspenConnectView.swift; sourceTree = "<group>"; };
		D649CEF3E7F5634BF7E07213 /* PlannerEngine.swift */ = {isa = PBXFileReference; lastKnownFileType = sourcecode.swift; path = PlannerEngine.swift; sourceTree = "<group>"; };
		D9E9B9343D177395F984079A /* GoogleConfig.swift */ = {isa = PBXFileReference; lastKnownFileType = sourcecode.swift; path = GoogleConfig.swift; sourceTree = "<group>"; };
		DAB0081380D99E9C0753DB11 /* ICSGenerator.swift */ = {isa = PBXFileReference; lastKnownFileType = sourcecode.swift; path = ICSGenerator.swift; sourceTree = "<group>"; };
		E76D76D4A5746555819DF0C7 /* TheQuadApp.swift */ = {isa = PBXFileReference; lastKnownFileType = sourcecode.swift; path = TheQuadApp.swift; sourceTree = "<group>"; };
		E9838595AC451103212B3A65 /* ClassroomAuthProvider.swift */ = {isa = PBXFileReference; lastKnownFileType = sourcecode.swift; path = ClassroomAuthProvider.swift; sourceTree = "<group>"; };
		ED5034D41B1A29988B383836 /* OnboardingView.swift */ = {isa = PBXFileReference; lastKnownFileType = sourcecode.swift; path = OnboardingView.swift; sourceTree = "<group>"; };
		F8D71A7A51F2DFA15C806056 /* ClassroomTokenStore.swift */ = {isa = PBXFileReference; lastKnownFileType = sourcecode.swift; path = ClassroomTokenStore.swift; sourceTree = "<group>"; };
		FB67714A66208BC72979A067 /* GradeEngine.swift */ = {isa = PBXFileReference; lastKnownFileType = sourcecode.swift; path = GradeEngine.swift; sourceTree = "<group>"; };
/* End PBXFileReference section */

/* Begin PBXFrameworksBuildPhase section */
		C2047888E4564A3477247CBD /* Frameworks */ = {
			isa = PBXFrameworksBuildPhase;
			buildActionMask = 2147483647;
			files = (
				7F956E3A6359AA3E15B11124 /* WidgetKit.framework in Frameworks */,
				EDE5B6C0BF2EF0D322C8807E /* UserNotifications.framework in Frameworks */,
				11197C0458E2D6DB599DF0AD /* EventKit.framework in Frameworks */,
				29BEB839C7562FD4A64B46AE /* AuthenticationServices.framework in Frameworks */,
			);
			runOnlyForDeploymentPostprocessing = 0;
		};
/* End PBXFrameworksBuildPhase section */

/* Begin PBXGroup section */
		06622B9824CECBF0CCF2F4C3 /* Navigation */ = {
			isa = PBXGroup;
			children = (
				C2E9135B0A06BE9C961EC293 /* AppTabView.swift */,
			);
			path = Navigation;
			sourceTree = "<group>";
		};
		0F5560855CB2CBBA65E1B7D8 /* Providers */ = {
			isa = PBXGroup;
			children = (
				8A0686CEDCEDE9FD608DEDD4 /* AspenGradeProvider.swift */,
				9304427A21AD9C1DDF969F77 /* AspenHTMLParser.swift */,
				94596E184192E55668C2C2E0 /* AspenKeychainStore.swift */,
				705FECDDA14139E7E1E49FEC /* AspenSession.swift */,
				02420D1692C3DB3E250BE06D /* AssignmentProvider.swift */,
				21C5629BF47468EC0F3DAC63 /* CalendarProvider.swift */,
				AB7DF960FEFF7BC558AA0E7F /* ClassroomAssignmentProvider.swift */,
				E9838595AC451103212B3A65 /* ClassroomAuthProvider.swift */,
				F8D71A7A51F2DFA15C806056 /* ClassroomTokenStore.swift */,
				BC6FF7144B646B6425C50266 /* GradeProvider.swift */,
				44A06E280EC187019BA20EA0 /* ScheduleSource.swift */,
			);
			path = Providers;
			sourceTree = "<group>";
		};
		1DCAE7A3921766B449F02684 /* Features */ = {
			isa = PBXGroup;
			children = (
				E2F745EBB65F6613E347B59C /* Ask */,
				F6699AFC3F2F2E0DC4823AC1 /* Grades */,
				43F8669D6512EF997F07B087 /* Me */,
				44D49A16A003A6B3A81F6FAA /* Onboarding */,
				D5180D30C2659755D79D29EC /* School */,
				A6BF9596F8274004AC9E1A3A /* Today */,
				532E052FFEDE8B0FCE1F7BF8 /* Work */,
			);
			path = Features;
			sourceTree = "<group>";
		};
		326359C9B0305CCCD6B41F6A /* Config */ = {
			isa = PBXGroup;
			children = (
				D9E9B9343D177395F984079A /* GoogleConfig.swift */,
				05F6EAA3C87DB675BB084CCF /* GoogleService.plist.template */,
			);
			path = Config;
			sourceTree = "<group>";
		};
		3C8BDDC1CD5C261C67811280 /* TheQuadTests */ = {
			isa = PBXGroup;
			children = (
				746954D16064124E120AC8C2 /* FreeBlockEngineTests.swift */,
				BC92DEF7630E99F7C773BEA1 /* ScheduleEngineTests.swift */,
			);
			path = TheQuadTests;
			sourceTree = "<group>";
		};
		43F8669D6512EF997F07B087 /* Me */ = {
			isa = PBXGroup;
			children = (
				CFF820B70E999456EAAB09E1 /* AspenConnectView.swift */,
				5D2E3223C9E33DD666337A3E /* ClassroomConnectView.swift */,
				1FC9F7A09125CEF80E9F18BB /* MeView.swift */,
				87287C193BE3984FF601EA90 /* MeViewModel.swift */,
			);
			path = Me;
			sourceTree = "<group>";
		};
		44D49A16A003A6B3A81F6FAA /* Onboarding */ = {
			isa = PBXGroup;
			children = (
				ED5034D41B1A29988B383836 /* OnboardingView.swift */,
				1BE07ED2DDE8EADF8981DB87 /* OnboardingViewModel.swift */,
			);
			path = Onboarding;
			sourceTree = "<group>";
		};
		48B6D9F363A0F560330F3643 /* Resources */ = {
			isa = PBXGroup;
			children = (
				B0B9006105D3F30FFC84F942 /* Assets.xcassets */,
			);
			path = Resources;
			sourceTree = "<group>";
		};
		4AFE892D90B6F03EAB87F73E /* Products */ = {
			isa = PBXGroup;
			children = (
				1D9F8EEE6A23AC7A92662938 /* TheQuad.app */,
				955B019DCA276976AC3CD405 /* TheQuadTests.xctest */,
			);
			name = Products;
			sourceTree = "<group>";
		};
		532E052FFEDE8B0FCE1F7BF8 /* Work */ = {
			isa = PBXGroup;
			children = (
				5794819B906BCBC73CBE0300 /* AddWorkSheet.swift */,
				8690E7CC0C86FF72458D7970 /* WorkView.swift */,
				8252ED1241C77EEDFAC16DD0 /* WorkViewModel.swift */,
			);
			path = Work;
			sourceTree = "<group>";
		};
		61AC3DC70F5090BBD8476157 /* Fixtures */ = {
			isa = PBXGroup;
			children = (
				CCB3C7CBB06B86CF29C26BB1 /* LHSFixtures_2025_26.swift */,
				0472F9BEEFCE9F7B3193DF04 /* MockStudentSchedule.swift */,
			);
			path = Fixtures;
			sourceTree = "<group>";
		};
		77C28DC0B7D3C7E3DAFE2A63 /* Models */ = {
			isa = PBXGroup;
			children = (
				6F584D1D0287CCB69ACC5160 /* Assignment.swift */,
				082B0F2984F06F3EA81342FB /* Course.swift */,
				376D5ED89041D34407435312 /* Grade.swift */,
				2C4CF781576E4406EDB65098 /* Schedule.swift */,
				AEB6BB17334E5C75BFBBD316 /* User.swift */,
			);
			path = Models;
			sourceTree = "<group>";
		};
		95BBFE71FDB554157CD7F1F4 /* TheQuad */ = {
			isa = PBXGroup;
			children = (
				326359C9B0305CCCD6B41F6A /* Config */,
				EF230B993EB2FA43A93EF7CA /* Design */,
				D7A4F5B9B7B8126E68A91E84 /* Engine */,
				1DCAE7A3921766B449F02684 /* Features */,
				61AC3DC70F5090BBD8476157 /* Fixtures */,
				77C28DC0B7D3C7E3DAFE2A63 /* Models */,
				06622B9824CECBF0CCF2F4C3 /* Navigation */,
				A20C21FC0C2F0653CD3EC9A8 /* Notifications */,
				0F5560855CB2CBBA65E1B7D8 /* Providers */,
				48B6D9F363A0F560330F3643 /* Resources */,
				148948228230ECAE8F1975A1 /* AppState.swift */,
				14D40F9B643CC27120E02638 /* Info.plist */,
				E76D76D4A5746555819DF0C7 /* TheQuadApp.swift */,
			);
			path = TheQuad;
			sourceTree = "<group>";
		};
		A20C21FC0C2F0653CD3EC9A8 /* Notifications */ = {
			isa = PBXGroup;
			children = (
				014E3E235B9AD42A19E99AF0 /* NotificationScheduler.swift */,
				4948D4E04B1C0B4A9BC09876 /* SharedWidgetData.swift */,
				90AC704263DD3BE6D7F5645E /* WidgetDataWriter.swift */,
			);
			path = Notifications;
			sourceTree = "<group>";
		};
		A6BF9596F8274004AC9E1A3A /* Today */ = {
			isa = PBXGroup;
			children = (
				042D1AF2FDC49ABC4AD63751 /* TodayView.swift */,
				1708E4B1A99297B61E4D9195 /* TodayViewModel.swift */,
			);
			path = Today;
			sourceTree = "<group>";
		};
		D5180D30C2659755D79D29EC /* School */ = {
			isa = PBXGroup;
			children = (
				C84B22BA2407D4B94CF4A372 /* SchoolView.swift */,
				3317C9B5B7A1BEC64B46DCCE /* SchoolViewModel.swift */,
			);
			path = School;
			sourceTree = "<group>";
		};
		D7A4F5B9B7B8126E68A91E84 /* Engine */ = {
			isa = PBXGroup;
			children = (
				C60D0F3815F27620A5410252 /* AskEngine.swift */,
				77E1FE0631B3FA442E3690A0 /* CalendarSync.swift */,
				29644A60BCA02609A4C72931 /* FreeBlockEngine.swift */,
				FB67714A66208BC72979A067 /* GradeEngine.swift */,
				DAB0081380D99E9C0753DB11 /* ICSGenerator.swift */,
				D649CEF3E7F5634BF7E07213 /* PlannerEngine.swift */,
				8E19CAE60666F970F955B4A1 /* ScheduleEngine.swift */,
			);
			path = Engine;
			sourceTree = "<group>";
		};
		D9CD7BE90138CD246DC1E249 /* Frameworks */ = {
			isa = PBXGroup;
			children = (
				4B5D2B417B179BF4BB4FF2E0 /* AuthenticationServices.framework */,
				00676B6B8CFDC1CEDFDB0868 /* EventKit.framework */,
				C3B101238DA687695F4ACB61 /* UserNotifications.framework */,
				85EEDB1B2EB261762B523989 /* WidgetKit.framework */,
			);
			name = Frameworks;
			sourceTree = "<group>";
		};
		E2F745EBB65F6613E347B59C /* Ask */ = {
			isa = PBXGroup;
			children = (
				AD44793D0603E367BB200DDE /* AskSuggestions.swift */,
				5F8A9B15CBD00F0B41BD5FC7 /* AskView.swift */,
				C7BEF50436D5F32EFAF72CC8 /* AskViewModel.swift */,
			);
			path = Ask;
			sourceTree = "<group>";
		};
		EA63C358ED9E633D3213B84F = {
			isa = PBXGroup;
			children = (
				95BBFE71FDB554157CD7F1F4 /* TheQuad */,
				3C8BDDC1CD5C261C67811280 /* TheQuadTests */,
				D9CD7BE90138CD246DC1E249 /* Frameworks */,
				4AFE892D90B6F03EAB87F73E /* Products */,
			);
			sourceTree = "<group>";
		};
		EF230B993EB2FA43A93EF7CA /* Design */ = {
			isa = PBXGroup;
			children = (
				8F9C8DB91E95535A88C69AFB /* CourseColors.swift */,
				5E4D71A1AE4D911C6F2DD769 /* DesignTokens.swift */,
			);
			path = Design;
			sourceTree = "<group>";
		};
		F6699AFC3F2F2E0DC4823AC1 /* Grades */ = {
			isa = PBXGroup;
			children = (
				8EC7FBBD6F4C99F495C9FEA1 /* GradesView.swift */,
				7E64BDEDB03B011A1346FFBB /* GradesViewModel.swift */,
			);
			path = Grades;
			sourceTree = "<group>";
		};
/* End PBXGroup section */

/* Begin PBXNativeTarget section */
		6EC8E7530A5CEAC3332E29D0 /* TheQuad */ = {
			isa = PBXNativeTarget;
			buildConfigurationList = 4D633538C8E9F6235061E254 /* Build configuration list for PBXNativeTarget "TheQuad" */;
			buildPhases = (
				D9E24056A30E6593AFAF31B1 /* Sources */,
				5E5CEB030D53773F442913EA /* Resources */,
				C2047888E4564A3477247CBD /* Frameworks */,
			);
			buildRules = (
			);
			dependencies = (
			);
			name = TheQuad;
			packageProductDependencies = (
			);
			productName = TheQuad;
			productReference = 1D9F8EEE6A23AC7A92662938 /* TheQuad.app */;
			productType = "com.apple.product-type.application";
		};
		E0E2D92DBC16035BCF44A72E /* TheQuadTests */ = {
			isa = PBXNativeTarget;
			buildConfigurationList = 0E636408E1D871A63CB8C7F6 /* Build configuration list for PBXNativeTarget "TheQuadTests" */;
			buildPhases = (
				B5BECAD8329AC1132593B0BC /* Sources */,
			);
			buildRules = (
			);
			dependencies = (
				38E78F220B47413543E121C8 /* PBXTargetDependency */,
			);
			name = TheQuadTests;
			packageProductDependencies = (
			);
			productName = TheQuadTests;
			productReference = 955B019DCA276976AC3CD405 /* TheQuadTests.xctest */;
			productType = "com.apple.product-type.bundle.unit-test";
		};
/* End PBXNativeTarget section */

/* Begin PBXProject section */
		58F582AAA9BA642C86FDB8D9 /* Project object */ = {
			isa = PBXProject;
			attributes = {
				BuildIndependentTargetsInParallel = YES;
				LastUpgradeCheck = 1600;
				TargetAttributes = {
					6EC8E7530A5CEAC3332E29D0 = {
						ProvisioningStyle = Automatic;
					};
				};
			};
			buildConfigurationList = D9FDDA13C27DD341909FDF8C /* Build configuration list for PBXProject "TheQuad" */;
			developmentRegion = en;
			hasScannedForEncodings = 0;
			knownRegions = (
				Base,
				en,
			);
			mainGroup = EA63C358ED9E633D3213B84F;
			minimizedProjectReferenceProxies = 1;
			preferredProjectObjectVersion = 77;
			productRefGroup = 4AFE892D90B6F03EAB87F73E /* Products */;
			projectDirPath = "";
			projectRoot = "";
			targets = (
				6EC8E7530A5CEAC3332E29D0 /* TheQuad */,
				E0E2D92DBC16035BCF44A72E /* TheQuadTests */,
			);
		};
/* End PBXProject section */

/* Begin PBXResourcesBuildPhase section */
		5E5CEB030D53773F442913EA /* Resources */ = {
			isa = PBXResourcesBuildPhase;
			buildActionMask = 2147483647;
			files = (
				8CB75121FF77A0622CB6D234 /* Assets.xcassets in Resources */,
				3DFCDEA539FC898467660668 /* GoogleService.plist.template in Resources */,
			);
			runOnlyForDeploymentPostprocessing = 0;
		};
/* End PBXResourcesBuildPhase section */

/* Begin PBXSourcesBuildPhase section */
		B5BECAD8329AC1132593B0BC /* Sources */ = {
			isa = PBXSourcesBuildPhase;
			buildActionMask = 2147483647;
			files = (
				0C16F246D4A042DEFC18A625 /* FreeBlockEngineTests.swift in Sources */,
				E8BD4BEAA174A2B439D6ABD1 /* ScheduleEngineTests.swift in Sources */,
			);
			runOnlyForDeploymentPostprocessing = 0;
		};
		D9E24056A30E6593AFAF31B1 /* Sources */ = {
			isa = PBXSourcesBuildPhase;
			buildActionMask = 2147483647;
			files = (
				3C13E51D05EFC15516632A5F /* AddWorkSheet.swift in Sources */,
				CBC7AB16F4A05B82F7D040DD /* AppState.swift in Sources */,
				4C3DDD2E973C19F737217B4D /* AppTabView.swift in Sources */,
				58A657C92231DA3606667C89 /* AskEngine.swift in Sources */,
				E37467B0847BBE10625D10D3 /* AskSuggestions.swift in Sources */,
				1F0863B2C8873528D38A864E /* AskView.swift in Sources */,
				E3C43485D39049C4882DFD09 /* AskViewModel.swift in Sources */,
				9EBD3E89D6B612CFFF896CD0 /* AspenConnectView.swift in Sources */,
				9BC0C92C736AE71A7AF38D25 /* AspenGradeProvider.swift in Sources */,
				E19386044B843BDC7DB954AC /* AspenHTMLParser.swift in Sources */,
				0F5FFEA3F9A30B10A0C3214C /* AspenKeychainStore.swift in Sources */,
				529C5B75CBF7887BFB18EE18 /* AspenSession.swift in Sources */,
				F132F251801C926C876A62B6 /* Assignment.swift in Sources */,
				BD0E1690EF83798AF0443560 /* AssignmentProvider.swift in Sources */,
				42495D44820AAE6A0D4B1452 /* CalendarProvider.swift in Sources */,
				AA8046499561DE5EE6C196C2 /* CalendarSync.swift in Sources */,
				FFCBE28AE92C3F7569377788 /* ClassroomAssignmentProvider.swift in Sources */,
				4C9D1BF04E3D474F0113D41F /* ClassroomAuthProvider.swift in Sources */,
				67EEDCDE06C1E941EC931E4B /* ClassroomConnectView.swift in Sources */,
				132AC0161A330714EFBE0CF3 /* ClassroomTokenStore.swift in Sources */,
				8C4CF993EAADAEBABE558D08 /* Course.swift in Sources */,
				5874C80D1A48FB6479D16406 /* CourseColors.swift in Sources */,
				FB684AAEC07DA2F269920A08 /* DesignTokens.swift in Sources */,
				29788781D744C8DE61917970 /* FreeBlockEngine.swift in Sources */,
				105CE65231EE97E121586CD2 /* GoogleConfig.swift in Sources */,
				CEEC364D322968E85E35E175 /* Grade.swift in Sources */,
				D3C6256F6D8F6EA9B0A1E057 /* GradeEngine.swift in Sources */,
				84AB935BFB61BC1A5444CAAD /* GradeProvider.swift in Sources */,
				44C38F29DF1852B46E83C824 /* GradesView.swift in Sources */,
				0649D61944A64AA83330CD98 /* GradesViewModel.swift in Sources */,
				E24702891E489B9B94BB4F40 /* ICSGenerator.swift in Sources */,
				F9D627C5507966D6DE4E2AFB /* LHSFixtures_2025_26.swift in Sources */,
				B0A0B42D754EBF320E8FF240 /* MeView.swift in Sources */,
				0C107189E96A17307C2BB74C /* MeViewModel.swift in Sources */,
				955154FAB7DE7BAD2D0381B7 /* MockStudentSchedule.swift in Sources */,
				7B3F5B09DD7A72F503C417A4 /* NotificationScheduler.swift in Sources */,
				6F5DF84E1075500DFC9D4C63 /* OnboardingView.swift in Sources */,
				747BD3FCB390FB4BA54E9B1E /* OnboardingViewModel.swift in Sources */,
				AC63A842B5E5C0D0379FCE2F /* PlannerEngine.swift in Sources */,
				C2798722D36FB9818B9D8214 /* Schedule.swift in Sources */,
				AB94549BBB8C2253CDBFF607 /* ScheduleEngine.swift in Sources */,
				9E69D4FED0C1F7F2F93B2057 /* ScheduleSource.swift in Sources */,
				9330C5D9EEF29236A3ECE5D2 /* SchoolView.swift in Sources */,
				A384DFC70BAA4FF6DEA5D29B /* SchoolViewModel.swift in Sources */,
				9588CE636846284750C9F8F7 /* SharedWidgetData.swift in Sources */,
				EE9BB765D2CD826C2363289A /* TheQuadApp.swift in Sources */,
				B102FB17869F2619E89A4ADD /* TodayView.swift in Sources */,
				FAF611F5850BA355494E3319 /* TodayViewModel.swift in Sources */,
				EF602F6B8165B7934354D729 /* User.swift in Sources */,
				976FC86B140E1B2EAE463164 /* WidgetDataWriter.swift in Sources */,
				898893B3BFA842900963A44B /* WorkView.swift in Sources */,
				43745497B0C9551ECC857291 /* WorkViewModel.swift in Sources */,
			);
			runOnlyForDeploymentPostprocessing = 0;
		};
/* End PBXSourcesBuildPhase section */

/* Begin PBXTargetDependency section */
		38E78F220B47413543E121C8 /* PBXTargetDependency */ = {
			isa = PBXTargetDependency;
			target = 6EC8E7530A5CEAC3332E29D0 /* TheQuad */;
			targetProxy = 46DBAF66718B73C4264D5B55 /* PBXContainerItemProxy */;
		};
/* End PBXTargetDependency section */

/* Begin XCBuildConfiguration section */
		08D50FDA70AFAAA27D646914 /* Release */ = {
			isa = XCBuildConfiguration;
			buildSettings = {
				ASSETCATALOG_COMPILER_APPICON_NAME = AppIcon;
				CODE_SIGN_IDENTITY = "iPhone Developer";
				CODE_SIGN_STYLE = Automatic;
				INFOPLIST_FILE = TheQuad/Info.plist;
				IPHONEOS_DEPLOYMENT_TARGET = 17.0;
				LD_RUNPATH_SEARCH_PATHS = (
					"$(inherited)",
					"@executable_path/Frameworks",
				);
				PRODUCT_BUNDLE_IDENTIFIER = com.thequad.app;
				PRODUCT_NAME = TheQuad;
				SDKROOT = iphoneos;
				SWIFT_EMIT_LOC_STRINGS = YES;
				SWIFT_OPTIMIZATION_LEVEL = "-O";
				TARGETED_DEVICE_FAMILY = "1,2";
			};
			name = Release;
		};
		1231B55E917D556F3D05E3A9 /* Release */ = {
			isa = XCBuildConfiguration;
			buildSettings = {
				BUNDLE_LOADER = "$(TEST_HOST)";
				IPHONEOS_DEPLOYMENT_TARGET = 17.0;
				LD_RUNPATH_SEARCH_PATHS = (
					"$(inherited)",
					"@executable_path/Frameworks",
					"@loader_path/Frameworks",
				);
				PRODUCT_BUNDLE_IDENTIFIER = com.thequad.tests;
				SDKROOT = iphoneos;
				SWIFT_VERSION = 5.10;
				TARGETED_DEVICE_FAMILY = "1,2";
				TEST_HOST = "$(BUILT_PRODUCTS_DIR)/TheQuad.app/TheQuad";
			};
			name = Release;
		};
		462000C7E9B34F78A3CF69CB /* Release */ = {
			isa = XCBuildConfiguration;
			buildSettings = {
				ALWAYS_SEARCH_USER_PATHS = NO;
				CLANG_ANALYZER_NONNULL = YES;
				CLANG_ANALYZER_NUMBER_OBJECT_CONVERSION = YES_AGGRESSIVE;
				CLANG_CXX_LANGUAGE_STANDARD = "gnu++14";
				CLANG_CXX_LIBRARY = "libc++";
				CLANG_ENABLE_MODULES = YES;
				CLANG_ENABLE_OBJC_ARC = YES;
				CLANG_ENABLE_OBJC_WEAK = YES;
				CLANG_WARN_BLOCK_CAPTURE_AUTORELEASING = YES;
				CLANG_WARN_BOOL_CONVERSION = YES;
				CLANG_WARN_COMMA = YES;
				CLANG_WARN_CONSTANT_CONVERSION = YES;
				CLANG_WARN_DEPRECATED_OBJC_IMPLEMENTATIONS = YES;
				CLANG_WARN_DIRECT_OBJC_ISA_USAGE = YES_ERROR;
				CLANG_WARN_DOCUMENTATION_COMMENTS = YES;
				CLANG_WARN_EMPTY_BODY = YES;
				CLANG_WARN_ENUM_CONVERSION = YES;
				CLANG_WARN_INFINITE_RECURSION = YES;
				CLANG_WARN_INT_CONVERSION = YES;
				CLANG_WARN_NON_LITERAL_NULL_CONVERSION = YES;
				CLANG_WARN_OBJC_IMPLICIT_RETAIN_SELF = YES;
				CLANG_WARN_OBJC_LITERAL_CONVERSION = YES;
				CLANG_WARN_OBJC_ROOT_CLASS = YES_ERROR;
				CLANG_WARN_QUOTED_INCLUDE_IN_FRAMEWORK_HEADER = YES;
				CLANG_WARN_RANGE_LOOP_ANALYSIS = YES;
				CLANG_WARN_STRICT_PROTOTYPES = YES;
				CLANG_WARN_SUSPICIOUS_MOVE = YES;
				CLANG_WARN_UNGUARDED_AVAILABILITY = YES_AGGRESSIVE;
				CLANG_WARN_UNREACHABLE_CODE = YES;
				CLANG_WARN__DUPLICATE_METHOD_MATCH = YES;
				COPY_PHASE_STRIP = NO;
				DEBUG_INFORMATION_FORMAT = "dwarf-with-dsym";
				ENABLE_NS_ASSERTIONS = NO;
				ENABLE_PREVIEWS = YES;
				ENABLE_STRICT_OBJC_MSGSEND = YES;
				GCC_C_LANGUAGE_STANDARD = gnu11;
				GCC_NO_COMMON_BLOCKS = YES;
				GCC_WARN_64_TO_32_BIT_CONVERSION = YES;
				GCC_WARN_ABOUT_RETURN_TYPE = YES_ERROR;
				GCC_WARN_UNDECLARED_SELECTOR = YES;
				GCC_WARN_UNINITIALIZED_AUTOS = YES_AGGRESSIVE;
				GCC_WARN_UNUSED_FUNCTION = YES;
				GCC_WARN_UNUSED_VARIABLE = YES;
				IPHONEOS_DEPLOYMENT_TARGET = 17.0;
				MTL_ENABLE_DEBUG_INFO = NO;
				MTL_FAST_MATH = YES;
				PRODUCT_NAME = "$(TARGET_NAME)";
				SDKROOT = iphoneos;
				SWIFT_COMPILATION_MODE = wholemodule;
				SWIFT_OPTIMIZATION_LEVEL = "-O";
				SWIFT_VERSION = 5.10;
			};
			name = Release;
		};
		80854A1476F8B4D81FCAFDE4 /* Debug */ = {
			isa = XCBuildConfiguration;
			buildSettings = {
				ASSETCATALOG_COMPILER_APPICON_NAME = AppIcon;
				CODE_SIGN_IDENTITY = "iPhone Developer";
				CODE_SIGN_STYLE = Automatic;
				INFOPLIST_FILE = TheQuad/Info.plist;
				IPHONEOS_DEPLOYMENT_TARGET = 17.0;
				LD_RUNPATH_SEARCH_PATHS = (
					"$(inherited)",
					"@executable_path/Frameworks",
				);
				PRODUCT_BUNDLE_IDENTIFIER = com.thequad.app;
				PRODUCT_NAME = TheQuad;
				SDKROOT = iphoneos;
				SWIFT_ACTIVE_COMPILATION_CONDITIONS = DEBUG;
				SWIFT_EMIT_LOC_STRINGS = YES;
				SWIFT_OPTIMIZATION_LEVEL = "-Onone";
				TARGETED_DEVICE_FAMILY = "1,2";
			};
			name = Debug;
		};
		A6E2486533F2DCBAFB80BAB5 /* Debug */ = {
			isa = XCBuildConfiguration;
			buildSettings = {
				ALWAYS_SEARCH_USER_PATHS = NO;
				CLANG_ANALYZER_NONNULL = YES;
				CLANG_ANALYZER_NUMBER_OBJECT_CONVERSION = YES_AGGRESSIVE;
				CLANG_CXX_LANGUAGE_STANDARD = "gnu++14";
				CLANG_CXX_LIBRARY = "libc++";
				CLANG_ENABLE_MODULES = YES;
				CLANG_ENABLE_OBJC_ARC = YES;
				CLANG_ENABLE_OBJC_WEAK = YES;
				CLANG_WARN_BLOCK_CAPTURE_AUTORELEASING = YES;
				CLANG_WARN_BOOL_CONVERSION = YES;
				CLANG_WARN_COMMA = YES;
				CLANG_WARN_CONSTANT_CONVERSION = YES;
				CLANG_WARN_DEPRECATED_OBJC_IMPLEMENTATIONS = YES;
				CLANG_WARN_DIRECT_OBJC_ISA_USAGE = YES_ERROR;
				CLANG_WARN_DOCUMENTATION_COMMENTS = YES;
				CLANG_WARN_EMPTY_BODY = YES;
				CLANG_WARN_ENUM_CONVERSION = YES;
				CLANG_WARN_INFINITE_RECURSION = YES;
				CLANG_WARN_INT_CONVERSION = YES;
				CLANG_WARN_NON_LITERAL_NULL_CONVERSION = YES;
				CLANG_WARN_OBJC_IMPLICIT_RETAIN_SELF = YES;
				CLANG_WARN_OBJC_LITERAL_CONVERSION = YES;
				CLANG_WARN_OBJC_ROOT_CLASS = YES_ERROR;
				CLANG_WARN_QUOTED_INCLUDE_IN_FRAMEWORK_HEADER = YES;
				CLANG_WARN_RANGE_LOOP_ANALYSIS = YES;
				CLANG_WARN_STRICT_PROTOTYPES = YES;
				CLANG_WARN_SUSPICIOUS_MOVE = YES;
				CLANG_WARN_UNGUARDED_AVAILABILITY = YES_AGGRESSIVE;
				CLANG_WARN_UNREACHABLE_CODE = YES;
				CLANG_WARN__DUPLICATE_METHOD_MATCH = YES;
				COPY_PHASE_STRIP = NO;
				DEBUG_INFORMATION_FORMAT = "dwarf-with-dsym";
				ENABLE_PREVIEWS = YES;
				ENABLE_STRICT_OBJC_MSGSEND = YES;
				ENABLE_TESTABILITY = YES;
				GCC_C_LANGUAGE_STANDARD = gnu11;
				GCC_DYNAMIC_NO_PIC = NO;
				GCC_NO_COMMON_BLOCKS = YES;
				GCC_OPTIMIZATION_LEVEL = 0;
				GCC_PREPROCESSOR_DEFINITIONS = (
					"$(inherited)",
					"DEBUG=1",
				);
				GCC_WARN_64_TO_32_BIT_CONVERSION = YES;
				GCC_WARN_ABOUT_RETURN_TYPE = YES_ERROR;
				GCC_WARN_UNDECLARED_SELECTOR = YES;
				GCC_WARN_UNINITIALIZED_AUTOS = YES_AGGRESSIVE;
				GCC_WARN_UNUSED_FUNCTION = YES;
				GCC_WARN_UNUSED_VARIABLE = YES;
				IPHONEOS_DEPLOYMENT_TARGET = 17.0;
				MTL_ENABLE_DEBUG_INFO = INCLUDE_SOURCE;
				MTL_FAST_MATH = YES;
				ONLY_ACTIVE_ARCH = YES;
				PRODUCT_NAME = "$(TARGET_NAME)";
				SDKROOT = iphoneos;
				SWIFT_ACTIVE_COMPILATION_CONDITIONS = DEBUG;
				SWIFT_OPTIMIZATION_LEVEL = "-Onone";
				SWIFT_VERSION = 5.10;
			};
			name = Debug;
		};
		BD65AC3674EBB30F5405895F /* Debug */ = {
			isa = XCBuildConfiguration;
			buildSettings = {
				BUNDLE_LOADER = "$(TEST_HOST)";
				IPHONEOS_DEPLOYMENT_TARGET = 17.0;
				LD_RUNPATH_SEARCH_PATHS = (
					"$(inherited)",
					"@executable_path/Frameworks",
					"@loader_path/Frameworks",
				);
				PRODUCT_BUNDLE_IDENTIFIER = com.thequad.tests;
				SDKROOT = iphoneos;
				SWIFT_VERSION = 5.10;
				TARGETED_DEVICE_FAMILY = "1,2";
				TEST_HOST = "$(BUILT_PRODUCTS_DIR)/TheQuad.app/TheQuad";
			};
			name = Debug;
		};
/* End XCBuildConfiguration section */

/* Begin XCConfigurationList section */
		0E636408E1D871A63CB8C7F6 /* Build configuration list for PBXNativeTarget "TheQuadTests" */ = {
			isa = XCConfigurationList;
			buildConfigurations = (
				BD65AC3674EBB30F5405895F /* Debug */,
				1231B55E917D556F3D05E3A9 /* Release */,
			);
			defaultConfigurationIsVisible = 0;
			defaultConfigurationName = Debug;
		};
		4D633538C8E9F6235061E254 /* Build configuration list for PBXNativeTarget "TheQuad" */ = {
			isa = XCConfigurationList;
			buildConfigurations = (
				80854A1476F8B4D81FCAFDE4 /* Debug */,
				08D50FDA70AFAAA27D646914 /* Release */,
			);
			defaultConfigurationIsVisible = 0;
			defaultConfigurationName = Debug;
		};
		D9FDDA13C27DD341909FDF8C /* Build configuration list for PBXProject "TheQuad" */ = {
			isa = XCConfigurationList;
			buildConfigurations = (
				A6E2486533F2DCBAFB80BAB5 /* Debug */,
				462000C7E9B34F78A3CF69CB /* Release */,
			);
			defaultConfigurationIsVisible = 0;
			defaultConfigurationName = Debug;
		};
/* End XCConfigurationList section */
	};
	rootObject = 58F582AAA9BA642C86FDB8D9 /* Project object */;
}
